// !$*UTF8*$!
{
	archiveVersion = 1;
	classes = {
	};
	objectVersion = 50;
	objects = {

/* Begin PBXBuildFile section */
		680BAE60216707050016014B /* AppDelegate.swift in Sources */ = {isa = PBXBuildFile; fileRef = 680BAE5F216707050016014B /* AppDelegate.swift */; };
		680BAE62216707050016014B /* ViewController.swift in Sources */ = {isa = PBXBuildFile; fileRef = 680BAE61216707050016014B /* ViewController.swift */; };
		680BAE65216707050016014B /* Main.storyboard in Resources */ = {isa = PBXBuildFile; fileRef = 680BAE63216707050016014B /* Main.storyboard */; };
		680BAE68216707050016014B /* UnitTest.xcdatamodeld in Sources */ = {isa = PBXBuildFile; fileRef = 680BAE66216707050016014B /* UnitTest.xcdatamodeld */; };
		680BAE6A216707080016014B /* Assets.xcassets in Resources */ = {isa = PBXBuildFile; fileRef = 680BAE69216707080016014B /* Assets.xcassets */; };
		680BAE6D216707080016014B /* LaunchScreen.storyboard in Resources */ = {isa = PBXBuildFile; fileRef = 680BAE6B216707080016014B /* LaunchScreen.storyboard */; };
		680BAE78216707080016014B /* UnitTestTests.swift in Sources */ = {isa = PBXBuildFile; fileRef = 680BAE77216707080016014B /* UnitTestTests.swift */; };
		680BAE83216707080016014B /* UnitTestUITests.swift in Sources */ = {isa = PBXBuildFile; fileRef = 680BAE82216707080016014B /* UnitTestUITests.swift */; };
/* End PBXBuildFile section */

/* Begin PBXContainerItemProxy section */
		680BAE74216707080016014B /* PBXContainerItemProxy */ = {
			isa = PBXContainerItemProxy;
			containerPortal = 680BAE54216707050016014B /* Project object */;
			proxyType = 1;
			remoteGlobalIDString = 680BAE5B216707050016014B;
			remoteInfo = UnitTest;
		};
		680BAE7F216707080016014B /* PBXContainerItemProxy */ = {
			isa = PBXContainerItemProxy;
			containerPortal = 680BAE54216707050016014B /* Project object */;
			proxyType = 1;
			remoteGlobalIDString = 680BAE5B216707050016014B;
			remoteInfo = UnitTest;
		};
/* End PBXContainerItemProxy section */

/* Begin PBXFileReference section */
		680BAE5C216707050016014B /* UnitTest.app */ = {isa = PBXFileReference; explicitFileType = wrapper.application; includeInIndex = 0; path = UnitTest.app; sourceTree = BUILT_PRODUCTS_DIR; };
		680BAE5F216707050016014B /* AppDelegate.swift */ = {isa = PBXFileReference; lastKnownFileType = sourcecode.swift; path = AppDelegate.swift; sourceTree = "<group>"; };
		680BAE61216707050016014B /* ViewController.swift */ = {isa = PBXFileReference; lastKnownFileType = sourcecode.swift; path = ViewController.swift; sourceTree = "<group>"; };
		680BAE64216707050016014B /* Base */ = {isa = PBXFileReference; lastKnownFileType = file.storyboard; name = Base; path = Base.lproj/Main.storyboard; sourceTree = "<group>"; };
		680BAE67216707050016014B /* UnitTest.xcdatamodel */ = {isa = PBXFileReference; lastKnownFileType = wrapper.xcdatamodel; path = UnitTest.xcdatamodel; sourceTree = "<group>"; };
		680BAE69216707080016014B /* Assets.xcassets */ = {isa = PBXFileReference; lastKnownFileType = folder.assetcatalog; path = Assets.xcassets; sourceTree = "<group>"; };
		680BAE6C216707080016014B /* Base */ = {isa = PBXFileReference; lastKnownFileType = file.storyboard; name = Base; path = Base.lproj/LaunchScreen.storyboard; sourceTree = "<group>"; };
		680BAE6E216707080016014B /* Info.plist */ = {isa = PBXFileReference; lastKnownFileType = text.plist.xml; path = Info.plist; sourceTree = "<group>"; };
		680BAE73216707080016014B /* UnitTestTests.xctest */ = {isa = PBXFileReference; explicitFileType = wrapper.cfbundle; includeInIndex = 0; path = UnitTestTests.xctest; sourceTree = BUILT_PRODUCTS_DIR; };
		680BAE77216707080016014B /* UnitTestTests.swift */ = {isa = PBXFileReference; lastKnownFileType = sourcecode.swift; path = UnitTestTests.swift; sourceTree = "<group>"; };
		680BAE79216707080016014B /* Info.plist */ = {isa = PBXFileReference; lastKnownFileType = text.plist.xml; path = Info.plist; sourceTree = "<group>"; };
		680BAE7E216707080016014B /* UnitTestUITests.xctest */ = {isa = PBXFileReference; explicitFileType = wrapper.cfbundle; includeInIndex = 0; path = UnitTestUITests.xctest; sourceTree = BUILT_PRODUCTS_DIR; };
		680BAE82216707080016014B /* UnitTestUITests.swift */ = {isa = PBXFileReference; lastKnownFileType = sourcecode.swift; path = UnitTestUITests.swift; sourceTree = "<group>"; };
		680BAE84216707080016014B /* Info.plist */ = {isa = PBXFileReference; lastKnownFileType = text.plist.xml; path = Info.plist; sourceTree = "<group>"; };
/* End PBXFileReference section */

/* Begin PBXFrameworksBuildPhase section */
		680BAE59216707050016014B /* Frameworks */ = {
			isa = PBXFrameworksBuildPhase;
			buildActionMask = 2147483647;
			files = (
			);
			runOnlyForDeploymentPostprocessing = 0;
		};
		680BAE70216707080016014B /* Frameworks */ = {
			isa = PBXFrameworksBuildPhase;
			buildActionMask = 2147483647;
			files = (
			);
			runOnlyForDeploymentPostprocessing = 0;
		};
		680BAE7B216707080016014B /* Frameworks */ = {
			isa = PBXFrameworksBuildPhase;
			buildActionMask = 2147483647;
			files = (
			);
			runOnlyForDeploymentPostprocessing = 0;
		};
/* End PBXFrameworksBuildPhase section */

/* Begin PBXGroup section */
		680BAE53216707050016014B = {
			isa = PBXGroup;
			children = (
				680BAE5E216707050016014B /* UnitTest */,
				680BAE76216707080016014B /* UnitTestTests */,
				680BAE81216707080016014B /* UnitTestUITests */,
				680BAE5D216707050016014B /* Products */,
			);
			sourceTree = "<group>";
		};
		680BAE5D216707050016014B /* Products */ = {
			isa = PBXGroup;
			children = (
				680BAE5C216707050016014B /* UnitTest.app */,
				680BAE73216707080016014B /* UnitTestTests.xctest */,
				680BAE7E216707080016014B /* UnitTestUITests.xctest */,
			);
			name = Products;
			sourceTree = "<group>";
		};
		680BAE5E216707050016014B /* UnitTest */ = {
			isa = PBXGroup;
			children = (
				680BAE5F216707050016014B /* AppDelegate.swift */,
				680BAE61216707050016014B /* ViewController.swift */,
				680BAE63216707050016014B /* Main.storyboard */,
				680BAE69216707080016014B /* Assets.xcassets */,
				680BAE6B216707080016014B /* LaunchScreen.storyboard */,
				680BAE6E216707080016014B /* Info.plist */,
				680BAE66216707050016014B /* UnitTest.xcdatamodeld */,
			);
			path = UnitTest;
			sourceTree = "<group>";
		};
		680BAE76216707080016014B /* UnitTestTests */ = {
			isa = PBXGroup;
			children = (
				680BAE77216707080016014B /* UnitTestTests.swift */,
				680BAE79216707080016014B /* Info.plist */,
			);
			path = UnitTestTests;
			sourceTree = "<group>";
		};
		680BAE81216707080016014B /* UnitTestUITests */ = {
			isa = PBXGroup;
			children = (
				680BAE82216707080016014B /* UnitTestUITests.swift */,
				680BAE84216707080016014B /* Info.plist */,
			);
			path = UnitTestUITests;
			sourceTree = "<group>";
		};
/* End PBXGroup section */

/* Begin PBXNativeTarget section */
		680BAE5B216707050016014B /* UnitTest */ = {
			isa = PBXNativeTarget;
			buildConfigurationList = 680BAE87216707080016014B /* Build configuration list for PBXNativeTarget "UnitTest" */;
			buildPhases = (
				680BAE58216707050016014B /* Sources */,
				680BAE59216707050016014B /* Frameworks */,
				680BAE5A216707050016014B /* Resources */,
			);
			buildRules = (
			);
			dependencies = (
			);
			name = UnitTest;
			productName = UnitTest;
			productReference = 680BAE5C216707050016014B /* UnitTest.app */;
			productType = "com.apple.product-type.application";
		};
		680BAE72216707080016014B /* UnitTestTests */ = {
			isa = PBXNativeTarget;
			buildConfigurationList = 680BAE8A216707080016014B /* Build configuration list for PBXNativeTarget "UnitTestTests" */;
			buildPhases = (
				680BAE6F216707080016014B /* Sources */,
				680BAE70216707080016014B /* Frameworks */,
				680BAE71216707080016014B /* Resources */,
			);
			buildRules = (
			);
			dependencies = (
				680BAE75216707080016014B /* PBXTargetDependency */,
			);
			name = UnitTestTests;
			productName = UnitTestTests;
			productReference = 680BAE73216707080016014B /* UnitTestTests.xctest */;
			productType = "com.apple.product-type.bundle.unit-test";
		};
		680BAE7D216707080016014B /* UnitTestUITests */ = {
			isa = PBXNativeTarget;
			buildConfigurationList = 680BAE8D216707080016014B /* Build configuration list for PBXNativeTarget "UnitTestUITests" */;
			buildPhases = (
				680BAE7A216707080016014B /* Sources */,
				680BAE7B216707080016014B /* Frameworks */,
				680BAE7C216707080016014B /* Resources */,
			);
			buildRules = (
			);
			dependencies = (
				680BAE80216707080016014B /* PBXTargetDependency */,
			);
			name = UnitTestUITests;
			productName = UnitTestUITests;
			productReference = 680BAE7E216707080016014B /* UnitTestUITests.xctest */;
			productType = "com.apple.product-type.bundle.ui-testing";
		};
/* End PBXNativeTarget section */

/* Begin PBXProject section */
		680BAE54216707050016014B /* Project object */ = {
			isa = PBXProject;
			attributes = {
				LastSwiftUpdateCheck = 0930;
				LastUpgradeCheck = 0930;
				ORGANIZATIONNAME = "Bao Ngo Mau";
				TargetAttributes = {
					680BAE5B216707050016014B = {
						CreatedOnToolsVersion = 9.3;
					};
					680BAE72216707080016014B = {
						CreatedOnToolsVersion = 9.3;
						TestTargetID = 680BAE5B216707050016014B;
					};
					680BAE7D216707080016014B = {
						CreatedOnToolsVersion = 9.3;
						TestTargetID = 680BAE5B216707050016014B;
					};
				};
			};
			buildConfigurationList = 680BAE57216707050016014B /* Build configuration list for PBXProject "UnitTest" */;
			compatibilityVersion = "Xcode 9.3";
			developmentRegion = en;
			hasScannedForEncodings = 0;
			knownRegions = (
				en,
				Base,
			);
			mainGroup = 680BAE53216707050016014B;
			productRefGroup = 680BAE5D216707050016014B /* Products */;
			projectDirPath = "";
			projectRoot = "";
			targets = (
				680BAE5B216707050016014B /* UnitTest */,
				680BAE72216707080016014B /* UnitTestTests */,
				680BAE7D216707080016014B /* UnitTestUITests */,
			);
		};
/* End PBXProject section */

/* Begin PBXResourcesBuildPhase section */
		680BAE5A216707050016014B /* Resources */ = {
			isa = PBXResourcesBuildPhase;
			buildActionMask = 2147483647;
			files = (
				680BAE6D216707080016014B /* LaunchScreen.storyboard in Resources */,
				680BAE6A216707080016014B /* Assets.xcassets in Resources */,
				680BAE65216707050016014B /* Main.storyboard in Resources */,
			);
			runOnlyForDeploymentPostprocessing = 0;
		};
		680BAE71216707080016014B /* Resources */ = {
			isa = PBXResourcesBuildPhase;
			buildActionMask = 2147483647;
			files = (
			);
			runOnlyForDeploymentPostprocessing = 0;
		};
		680BAE7C216707080016014B /* Resources */ = {
			isa = PBXResourcesBuildPhase;
			buildActionMask = 2147483647;
			files = (
			);
			runOnlyForDeploymentPostprocessing = 0;
		};
/* End PBXResourcesBuildPhase section */

/* Begin PBXSourcesBuildPhase section */
		680BAE58216707050016014B /* Sources */ = {
			isa = PBXSourcesBuildPhase;
			buildActionMask = 2147483647;
			files = (
				680BAE62216707050016014B /* ViewController.swift in Sources */,
				680BAE68216707050016014B /* UnitTest.xcdatamodeld in Sources */,
				680BAE60216707050016014B /* AppDelegate.swift in Sources */,
			);
			runOnlyForDeploymentPostprocessing = 0;
		};
		680BAE6F216707080016014B /* Sources */ = {
			isa = PBXSourcesBuildPhase;
			buildActionMask = 2147483647;
			files = (
				680BAE78216707080016014B /* UnitTestTests.swift in Sources */,
			);
			runOnlyForDeploymentPostprocessing = 0;
		};
		680BAE7A216707080016014B /* Sources */ = {
			isa = PBXSourcesBuildPhase;
			buildActionMask = 2147483647;
			files = (
				680BAE83216707080016014B /* UnitTestUITests.swift in Sources */,
			);
			runOnlyForDeploymentPostprocessing = 0;
		};
/* End PBXSourcesBuildPhase section */

/* Begin PBXTargetDependency section */
		680BAE75216707080016014B /* PBXTargetDependency */ = {
			isa = PBXTargetDependency;
			target = 680BAE5B216707050016014B /* UnitTest */;
			targetProxy = 680BAE74216707080016014B /* PBXContainerItemProxy */;
		};
		680BAE80216707080016014B /* PBXTargetDependency */ = {
			isa = PBXTargetDependency;
			target = 680BAE5B216707050016014B /* UnitTest */;
			targetProxy = 680BAE7F216707080016014B /* PBXContainerItemProxy */;
		};
/* End PBXTargetDependency section */

/* Begin PBXVariantGroup section */
		680BAE63216707050016014B /* Main.storyboard */ = {
			isa = PBXVariantGroup;
			children = (
				680BAE64216707050016014B /* Base */,
			);
			name = Main.storyboard;
			sourceTree = "<group>";
		};
		680BAE6B216707080016014B /* LaunchScreen.storyboard */ = {
			isa = PBXVariantGroup;
			children = (
				680BAE6C216707080016014B /* Base */,
			);
			name = LaunchScreen.storyboard;
			sourceTree = "<group>";
		};
/* End PBXVariantGroup section */

/* Begin XCBuildConfiguration section */
		680BAE85216707080016014B /* Debug */ = {
			isa = XCBuildConfiguration;
			buildSettings = {
				ALWAYS_SEARCH_USER_PATHS = NO;
				CLANG_ANALYZER_NONNULL = YES;
				CLANG_ANALYZER_NUMBER_OBJECT_CONVERSION = YES_AGGRESSIVE;
				CLANG_CXX_LANGUAGE_STANDARD = "gnu++14";
				CLANG_CXX_LIBRARY = "libc++";
				CLANG_ENABLE_MODULES = YES;
				CLANG_ENABLE_OBJC_ARC = YES;
				CLANG_ENABLE_OBJC_WEAK = YES;
				CLANG_WARN_BLOCK_CAPTURE_AUTORELEASING = YES;
				CLANG_WARN_BOOL_CONVERSION = YES;
				CLANG_WARN_COMMA = YES;
				CLANG_WARN_CONSTANT_CONVERSION = YES;
				CLANG_WARN_DEPRECATED_OBJC_IMPLEMENTATIONS = YES;
				CLANG_WARN_DIRECT_OBJC_ISA_USAGE = YES_ERROR;
				CLANG_WARN_DOCUMENTATION_COMMENTS = YES;
				CLANG_WARN_EMPTY_BODY = YES;
				CLANG_WARN_ENUM_CONVERSION = YES;
				CLANG_WARN_INFINITE_RECURSION = YES;
				CLANG_WARN_INT_CONVERSION = YES;
				CLANG_WARN_NON_LITERAL_NULL_CONVERSION = YES;
				CLANG_WARN_OBJC_IMPLICIT_RETAIN_SELF = YES;
				CLANG_WARN_OBJC_LITERAL_CONVERSION = YES;
				CLANG_WARN_OBJC_ROOT_CLASS = YES_ERROR;
				CLANG_WARN_RANGE_LOOP_ANALYSIS = YES;
				CLANG_WARN_STRICT_PROTOTYPES = YES;
				CLANG_WARN_SUSPICIOUS_MOVE = YES;
				CLANG_WARN_UNGUARDED_AVAILABILITY = YES_AGGRESSIVE;
				CLANG_WARN_UNREACHABLE_CODE = YES;
				CLANG_WARN__DUPLICATE_METHOD_MATCH = YES;
				CODE_SIGN_IDENTITY = "iPhone Developer";
				COPY_PHASE_STRIP = NO;
				DEBUG_INFORMATION_FORMAT = dwarf;
				ENABLE_STRICT_OBJC_MSGSEND = YES;
				ENABLE_TESTABILITY = YES;
				GCC_C_LANGUAGE_STANDARD = gnu11;
				GCC_DYNAMIC_NO_PIC = NO;
				GCC_NO_COMMON_BLOCKS = YES;
				GCC_OPTIMIZATION_LEVEL = 0;
				GCC_PREPROCESSOR_DEFINITIONS = (
					"DEBUG=1",
					"$(inherited)",
				);
				GCC_WARN_64_TO_32_BIT_CONVERSION = YES;
				GCC_WARN_ABOUT_RETURN_TYPE = YES_ERROR;
				GCC_WARN_UNDECLARED_SELECTOR = YES;
				GCC_WARN_UNINITIALIZED_AUTOS = YES_AGGRESSIVE;
				GCC_WARN_UNUSED_FUNCTION = YES;
				GCC_WARN_UNUSED_VARIABLE = YES;
				IPHONEOS_DEPLOYMENT_TARGET = 11.3;
				MTL_ENABLE_DEBUG_INFO = YES;
				ONLY_ACTIVE_ARCH = YES;
				SDKROOT = iphoneos;
				SWIFT_ACTIVE_COMPILATION_CONDITIONS = DEBUG;
				SWIFT_OPTIMIZATION_LEVEL = "-Onone";
			};
			name = Debug;
		};
		680BAE86216707080016014B /* Release */ = {
			isa = XCBuildConfiguration;
			buildSettings = {
				ALWAYS_SEARCH_USER_PATHS = NO;
				CLANG_ANALYZER_NONNULL = YES;
				CLANG_ANALYZER_NUMBER_OBJECT_CONVERSION = YES_AGGRESSIVE;
				CLANG_CXX_LANGUAGE_STANDARD = "gnu++14";
				CLANG_CXX_LIBRARY = "libc++";
				CLANG_ENABLE_MODULES = YES;
				CLANG_ENABLE_OBJC_ARC = YES;
				CLANG_ENABLE_OBJC_WEAK = YES;
				CLANG_WARN_BLOCK_CAPTURE_AUTORELEASING = YES;
				CLANG_WARN_BOOL_CONVERSION = YES;
				CLANG_WARN_COMMA = YES;
				CLANG_WARN_CONSTANT_CONVERSION = YES;
				CLANG_WARN_DEPRECATED_OBJC_IMPLEMENTATIONS = YES;
				CLANG_WARN_DIRECT_OBJC_ISA_USAGE = YES_ERROR;
				CLANG_WARN_DOCUMENTATION_COMMENTS = YES;
				CLANG_WARN_EMPTY_BODY = YES;
				CLANG_WARN_ENUM_CONVERSION = YES;
				CLANG_WARN_INFINITE_RECURSION = YES;
				CLANG_WARN_INT_CONVERSION = YES;
				CLANG_WARN_NON_LITERAL_NULL_CONVERSION = YES;
				CLANG_WARN_OBJC_IMPLICIT_RETAIN_SELF = YES;
				CLANG_WARN_OBJC_LITERAL_CONVERSION = YES;
				CLANG_WARN_OBJC_ROOT_CLASS = YES_ERROR;
				CLANG_WARN_RANGE_LOOP_ANALYSIS = YES;
				CLANG_WARN_STRICT_PROTOTYPES = YES;
				CLANG_WARN_SUSPICIOUS_MOVE = YES;
				CLANG_WARN_UNGUARDED_AVAILABILITY = YES_AGGRESSIVE;
				CLANG_WARN_UNREACHABLE_CODE = YES;
				CLANG_WARN__DUPLICATE_METHOD_MATCH = YES;
				CODE_SIGN_IDENTITY = "iPhone Developer";
				COPY_PHASE_STRIP = NO;
				DEBUG_INFORMATION_FORMAT = "dwarf-with-dsym";
				ENABLE_NS_ASSERTIONS = NO;
				ENABLE_STRICT_OBJC_MSGSEND = YES;
				GCC_C_LANGUAGE_STANDARD = gnu11;
				GCC_NO_COMMON_BLOCKS = YES;
				GCC_WARN_64_TO_32_BIT_CONVERSION = YES;
				GCC_WARN_ABOUT_RETURN_TYPE = YES_ERROR;
				GCC_WARN_UNDECLARED_SELECTOR = YES;
				GCC_WARN_UNINITIALIZED_AUTOS = YES_AGGRESSIVE;
				GCC_WARN_UNUSED_FUNCTION = YES;
				GCC_WARN_UNUSED_VARIABLE = YES;
				IPHONEOS_DEPLOYMENT_TARGET = 11.3;
				MTL_ENABLE_DEBUG_INFO = NO;
				SDKROOT = iphoneos;
				SWIFT_COMPILATION_MODE = wholemodule;
				SWIFT_OPTIMIZATION_LEVEL = "-O";
				VALIDATE_PRODUCT = YES;
			};
			name = Release;
		};
		680BAE88216707080016014B /* Debug */ = {
			isa = XCBuildConfiguration;
			buildSettings = {
				ASSETCATALOG_COMPILER_APPICON_NAME = AppIcon;
				CODE_SIGN_STYLE = Automatic;
				INFOPLIST_FILE = UnitTest/Info.plist;
				LD_RUNPATH_SEARCH_PATHS = (
					"$(inherited)",
					"@executable_path/Frameworks",
				);
				PRODUCT_BUNDLE_IDENTIFIER = BaoNgo.com.UnitTest;
				PRODUCT_NAME = "$(TARGET_NAME)";
				SWIFT_VERSION = 4.0;
				TARGETED_DEVICE_FAMILY = "1,2";
			};
			name = Debug;
		};
		680BAE89216707080016014B /* Release */ = {
			isa = XCBuildConfiguration;
			buildSettings = {
				ASSETCATALOG_COMPILER_APPICON_NAME = AppIcon;
				CODE_SIGN_STYLE = Automatic;
				INFOPLIST_FILE = UnitTest/Info.plist;
				LD_RUNPATH_SEARCH_PATHS = (
					"$(inherited)",
					"@executable_path/Frameworks",
				);
				PRODUCT_BUNDLE_IDENTIFIER = BaoNgo.com.UnitTest;
				PRODUCT_NAME = "$(TARGET_NAME)";
				SWIFT_VERSION = 4.0;
				TARGETED_DEVICE_FAMILY = "1,2";
			};
			name = Release;
		};
		680BAE8B216707080016014B /* Debug */ = {
			isa = XCBuildConfiguration;
			buildSettings = {
				ALWAYS_EMBED_SWIFT_STANDARD_LIBRARIES = YES;
				BUNDLE_LOADER = "$(TEST_HOST)";
				CODE_SIGN_STYLE = Automatic;
				INFOPLIST_FILE = UnitTestTests/Info.plist;
				LD_RUNPATH_SEARCH_PATHS = (
					"$(inherited)",
					"@executable_path/Frameworks",
					"@loader_path/Frameworks",
				);
				PRODUCT_BUNDLE_IDENTIFIER = BaoNgo.com.UnitTestTests;
				PRODUCT_NAME = "$(TARGET_NAME)";
				SWIFT_VERSION = 4.0;
				TARGETED_DEVICE_FAMILY = "1,2";
				TEST_HOST = "$(BUILT_PRODUCTS_DIR)/UnitTest.app/UnitTest";
			};
			name = Debug;
		};
		680BAE8C216707080016014B /* Release */ = {
			isa = XCBuildConfiguration;
			buildSettings = {
				ALWAYS_EMBED_SWIFT_STANDARD_LIBRARIES = YES;
				BUNDLE_LOADER = "$(TEST_HOST)";
				CODE_SIGN_STYLE = Automatic;
				INFOPLIST_FILE = UnitTestTests/Info.plist;
				LD_RUNPATH_SEARCH_PATHS = (
					"$(inherited)",
					"@executable_path/Frameworks",
					"@loader_path/Frameworks",
				);
				PRODUCT_BUNDLE_IDENTIFIER = BaoNgo.com.UnitTestTests;
				PRODUCT_NAME = "$(TARGET_NAME)";
				SWIFT_VERSION = 4.0;
				TARGETED_DEVICE_FAMILY = "1,2";
				TEST_HOST = "$(BUILT_PRODUCTS_DIR)/UnitTest.app/UnitTest";
			};
			name = Release;
		};
		680BAE8E216707080016014B /* Debug */ = {
			isa = XCBuildConfiguration;
			buildSettings = {
				ALWAYS_EMBED_SWIFT_STANDARD_LIBRARIES = YES;
				CODE_SIGN_STYLE = Automatic;
				INFOPLIST_FILE = UnitTestUITests/Info.plist;
				LD_RUNPATH_SEARCH_PATHS = (
					"$(inherited)",
					"@executable_path/Frameworks",
					"@loader_path/Frameworks",
				);
				PRODUCT_BUNDLE_IDENTIFIER = BaoNgo.com.UnitTestUITests;
				PRODUCT_NAME = "$(TARGET_NAME)";
				SWIFT_VERSION = 4.0;
				TARGETED_DEVICE_FAMILY = "1,2";
				TEST_TARGET_NAME = UnitTest;
			};
			name = Debug;
		};
		680BAE8F216707080016014B /* Release */ = {
			isa = XCBuildConfiguration;
			buildSettings = {
				ALWAYS_EMBED_SWIFT_STANDARD_LIBRARIES = YES;
				CODE_SIGN_STYLE = Automatic;
				INFOPLIST_FILE = UnitTestUITests/Info.plist;
				LD_RUNPATH_SEARCH_PATHS = (
					"$(inherited)",
					"@executable_path/Frameworks",
					"@loader_path/Frameworks",
				);
				PRODUCT_BUNDLE_IDENTIFIER = BaoNgo.com.UnitTestUITests;
				PRODUCT_NAME = "$(TARGET_NAME)";
				SWIFT_VERSION = 4.0;
				TARGETED_DEVICE_FAMILY = "1,2";
				TEST_TARGET_NAME = UnitTest;
			};
			name = Release;
		};
/* End XCBuildConfiguration section */

/* Begin XCConfigurationList section */
		680BAE57216707050016014B /* Build configuration list for PBXProject "UnitTest" */ = {
			isa = XCConfigurationList;
			buildConfigurations = (
				680BAE85216707080016014B /* Debug */,
				680BAE86216707080016014B /* Release */,
			);
			defaultConfigurationIsVisible = 0;
			defaultConfigurationName = Release;
		};
		680BAE87216707080016014B /* Build configuration list for PBXNativeTarget "UnitTest" */ = {
			isa = XCConfigurationList;
			buildConfigurations = (
				680BAE88216707080016014B /* Debug */,
				680BAE89216707080016014B /* Release */,
			);
			defaultConfigurationIsVisible = 0;
			defaultConfigurationName = Release;
		};
		680BAE8A216707080016014B /* Build configuration list for PBXNativeTarget "UnitTestTests" */ = {
			isa = XCConfigurationList;
			buildConfigurations = (
				680BAE8B216707080016014B /* Debug */,
				680BAE8C216707080016014B /* Release */,
			);
			defaultConfigurationIsVisible = 0;
			defaultConfigurationName = Release;
		};
		680BAE8D216707080016014B /* Build configuration list for PBXNativeTarget "UnitTestUITests" */ = {
			isa = XCConfigurationList;
			buildConfigurations = (
				680BAE8E216707080016014B /* Debug */,
				680BAE8F216707080016014B /* Release */,
			);
			defaultConfigurationIsVisible = 0;
			defaultConfigurationName = Release;
		};
/* End XCConfigurationList section */

/* Begin XCVersionGroup section */
		680BAE66216707050016014B /* UnitTest.xcdatamodeld */ = {
			isa = XCVersionGroup;
			children = (
				680BAE67216707050016014B /* UnitTest.xcdatamodel */,
			);
			currentVersion = 680BAE67216707050016014B /* UnitTest.xcdatamodel */;
			path = UnitTest.xcdatamodeld;
			sourceTree = "<group>";
			versionGroupType = wrapper.xcdatamodel;
		};
/* End XCVersionGroup section */
	};
	rootObject = 680BAE54216707050016014B /* Project object */;
}
