// !$*UTF8*$!
{
	archiveVersion = 1;
	classes = {
	};
	objectVersion = 50;
	objects = {

/* Begin PBXBuildFile section */
		684EA34C2182BC46004015D2 /* AppDelegate.swift in Sources */ = {isa = PBXBuildFile; fileRef = 684EA34B2182BC46004015D2 /* AppDelegate.swift */; };
		684EA34E2182BC46004015D2 /* ViewController.swift in Sources */ = {isa = PBXBuildFile; fileRef = 684EA34D2182BC46004015D2 /* ViewController.swift */; };
		684EA3512182BC46004015D2 /* Main.storyboard in Resources */ = {isa = PBXBuildFile; fileRef = 684EA34F2182BC46004015D2 /* Main.storyboard */; };
		684EA3532182BC4C004015D2 /* Assets.xcassets in Resources */ = {isa = PBXBuildFile; fileRef = 684EA3522182BC4C004015D2 /* Assets.xcassets */; };
		684EA3562182BC4C004015D2 /* LaunchScreen.storyboard in Resources */ = {isa = PBXBuildFile; fileRef = 684EA3542182BC4C004015D2 /* LaunchScreen.storyboard */; };
		684EA3612182BC4D004015D2 /* AnimationTextFiledTests.swift in Sources */ = {isa = PBXBuildFile; fileRef = 684EA3602182BC4D004015D2 /* AnimationTextFiledTests.swift */; };
		684EA36C2182BC4D004015D2 /* AnimationTextFiledUITests.swift in Sources */ = {isa = PBXBuildFile; fileRef = 684EA36B2182BC4D004015D2 /* AnimationTextFiledUITests.swift */; };
		684EA37A2183009A004015D2 /* HideKeyboard.swift in Sources */ = {isa = PBXBuildFile; fileRef = 684EA3792183009A004015D2 /* HideKeyboard.swift */; };
/* End PBXBuildFile section */

/* Begin PBXContainerItemProxy section */
		684EA35D2182BC4D004015D2 /* PBXContainerItemProxy */ = {
			isa = PBXContainerItemProxy;
			containerPortal = 684EA3402182BC46004015D2 /* Project object */;
			proxyType = 1;
			remoteGlobalIDString = 684EA3472182BC46004015D2;
			remoteInfo = AnimationTextFiled;
		};
		684EA3682182BC4D004015D2 /* PBXContainerItemProxy */ = {
			isa = PBXContainerItemProxy;
			containerPortal = 684EA3402182BC46004015D2 /* Project object */;
			proxyType = 1;
			remoteGlobalIDString = 684EA3472182BC46004015D2;
			remoteInfo = AnimationTextFiled;
		};
/* End PBXContainerItemProxy section */

/* Begin PBXFileReference section */
		684EA3482182BC46004015D2 /* AnimationTextFiled.app */ = {isa = PBXFileReference; explicitFileType = wrapper.application; includeInIndex = 0; path = AnimationTextFiled.app; sourceTree = BUILT_PRODUCTS_DIR; };
		684EA34B2182BC46004015D2 /* AppDelegate.swift */ = {isa = PBXFileReference; lastKnownFileType = sourcecode.swift; path = AppDelegate.swift; sourceTree = "<group>"; };
		684EA34D2182BC46004015D2 /* ViewController.swift */ = {isa = PBXFileReference; lastKnownFileType = sourcecode.swift; path = ViewController.swift; sourceTree = "<group>"; };
		684EA3502182BC46004015D2 /* Base */ = {isa = PBXFileReference; lastKnownFileType = file.storyboard; name = Base; path = Base.lproj/Main.storyboard; sourceTree = "<group>"; };
		684EA3522182BC4C004015D2 /* Assets.xcassets */ = {isa = PBXFileReference; lastKnownFileType = folder.assetcatalog; path = Assets.xcassets; sourceTree = "<group>"; };
		684EA3552182BC4C004015D2 /* Base */ = {isa = PBXFileReference; lastKnownFileType = file.storyboard; name = Base; path = Base.lproj/LaunchScreen.storyboard; sourceTree = "<group>"; };
		684EA3572182BC4C004015D2 /* Info.plist */ = {isa = PBXFileReference; lastKnownFileType = text.plist.xml; path = Info.plist; sourceTree = "<group>"; };
		684EA35C2182BC4D004015D2 /* AnimationTextFiledTests.xctest */ = {isa = PBXFileReference; explicitFileType = wrapper.cfbundle; includeInIndex = 0; path = AnimationTextFiledTests.xctest; sourceTree = BUILT_PRODUCTS_DIR; };
		684EA3602182BC4D004015D2 /* AnimationTextFiledTests.swift */ = {isa = PBXFileReference; lastKnownFileType = sourcecode.swift; path = AnimationTextFiledTests.swift; sourceTree = "<group>"; };
		684EA3622182BC4D004015D2 /* Info.plist */ = {isa = PBXFileReference; lastKnownFileType = text.plist.xml; path = Info.plist; sourceTree = "<group>"; };
		684EA3672182BC4D004015D2 /* AnimationTextFiledUITests.xctest */ = {isa = PBXFileReference; explicitFileType = wrapper.cfbundle; includeInIndex = 0; path = AnimationTextFiledUITests.xctest; sourceTree = BUILT_PRODUCTS_DIR; };
		684EA36B2182BC4D004015D2 /* AnimationTextFiledUITests.swift */ = {isa = PBXFileReference; lastKnownFileType = sourcecode.swift; path = AnimationTextFiledUITests.swift; sourceTree = "<group>"; };
		684EA36D2182BC4D004015D2 /* Info.plist */ = {isa = PBXFileReference; lastKnownFileType = text.plist.xml; path = Info.plist; sourceTree = "<group>"; };
		684EA3792183009A004015D2 /* HideKeyboard.swift */ = {isa = PBXFileReference; fileEncoding = 4; lastKnownFileType = sourcecode.swift; path = HideKeyboard.swift; sourceTree = "<group>"; };
/* End PBXFileReference section */

/* Begin PBXFrameworksBuildPhase section */
		684EA3452182BC46004015D2 /* Frameworks */ = {
			isa = PBXFrameworksBuildPhase;
			buildActionMask = 2147483647;
			files = (
			);
			runOnlyForDeploymentPostprocessing = 0;
		};
		684EA3592182BC4D004015D2 /* Frameworks */ = {
			isa = PBXFrameworksBuildPhase;
			buildActionMask = 2147483647;
			files = (
			);
			runOnlyForDeploymentPostprocessing = 0;
		};
		684EA3642182BC4D004015D2 /* Frameworks */ = {
			isa = PBXFrameworksBuildPhase;
			buildActionMask = 2147483647;
			files = (
			);
			runOnlyForDeploymentPostprocessing = 0;
		};
/* End PBXFrameworksBuildPhase section */

/* Begin PBXGroup section */
		684EA33F2182BC45004015D2 = {
			isa = PBXGroup;
			children = (
				684EA34A2182BC46004015D2 /* AnimationTextFiled */,
				684EA35F2182BC4D004015D2 /* AnimationTextFiledTests */,
				684EA36A2182BC4D004015D2 /* AnimationTextFiledUITests */,
				684EA3492182BC46004015D2 /* Products */,
			);
			sourceTree = "<group>";
		};
		684EA3492182BC46004015D2 /* Products */ = {
			isa = PBXGroup;
			children = (
				684EA3482182BC46004015D2 /* AnimationTextFiled.app */,
				684EA35C2182BC4D004015D2 /* AnimationTextFiledTests.xctest */,
				684EA3672182BC4D004015D2 /* AnimationTextFiledUITests.xctest */,
			);
			name = Products;
			sourceTree = "<group>";
		};
		684EA34A2182BC46004015D2 /* AnimationTextFiled */ = {
			isa = PBXGroup;
			children = (
				684EA34B2182BC46004015D2 /* AppDelegate.swift */,
				684EA34D2182BC46004015D2 /* ViewController.swift */,
				684EA34F2182BC46004015D2 /* Main.storyboard */,
				684EA3522182BC4C004015D2 /* Assets.xcassets */,
				684EA3542182BC4C004015D2 /* LaunchScreen.storyboard */,
				684EA3572182BC4C004015D2 /* Info.plist */,
				684EA3792183009A004015D2 /* HideKeyboard.swift */,
			);
			path = AnimationTextFiled;
			sourceTree = "<group>";
		};
		684EA35F2182BC4D004015D2 /* AnimationTextFiledTests */ = {
			isa = PBXGroup;
			children = (
				684EA3602182BC4D004015D2 /* AnimationTextFiledTests.swift */,
				684EA3622182BC4D004015D2 /* Info.plist */,
			);
			path = AnimationTextFiledTests;
			sourceTree = "<group>";
		};
		684EA36A2182BC4D004015D2 /* AnimationTextFiledUITests */ = {
			isa = PBXGroup;
			children = (
				684EA36B2182BC4D004015D2 /* AnimationTextFiledUITests.swift */,
				684EA36D2182BC4D004015D2 /* Info.plist */,
			);
			path = AnimationTextFiledUITests;
			sourceTree = "<group>";
		};
/* End PBXGroup section */

/* Begin PBXNativeTarget section */
		684EA3472182BC46004015D2 /* AnimationTextFiled */ = {
			isa = PBXNativeTarget;
			buildConfigurationList = 684EA3702182BC4D004015D2 /* Build configuration list for PBXNativeTarget "AnimationTextFiled" */;
			buildPhases = (
				684EA3442182BC46004015D2 /* Sources */,
				684EA3452182BC46004015D2 /* Frameworks */,
				684EA3462182BC46004015D2 /* Resources */,
			);
			buildRules = (
			);
			dependencies = (
			);
			name = AnimationTextFiled;
			productName = AnimationTextFiled;
			productReference = 684EA3482182BC46004015D2 /* AnimationTextFiled.app */;
			productType = "com.apple.product-type.application";
		};
		684EA35B2182BC4D004015D2 /* AnimationTextFiledTests */ = {
			isa = PBXNativeTarget;
			buildConfigurationList = 684EA3732182BC4D004015D2 /* Build configuration list for PBXNativeTarget "AnimationTextFiledTests" */;
			buildPhases = (
				684EA3582182BC4D004015D2 /* Sources */,
				684EA3592182BC4D004015D2 /* Frameworks */,
				684EA35A2182BC4D004015D2 /* Resources */,
			);
			buildRules = (
			);
			dependencies = (
				684EA35E2182BC4D004015D2 /* PBXTargetDependency */,
			);
			name = AnimationTextFiledTests;
			productName = AnimationTextFiledTests;
			productReference = 684EA35C2182BC4D004015D2 /* AnimationTextFiledTests.xctest */;
			productType = "com.apple.product-type.bundle.unit-test";
		};
		684EA3662182BC4D004015D2 /* AnimationTextFiledUITests */ = {
			isa = PBXNativeTarget;
			buildConfigurationList = 684EA3762182BC4D004015D2 /* Build configuration list for PBXNativeTarget "AnimationTextFiledUITests" */;
			buildPhases = (
				684EA3632182BC4D004015D2 /* Sources */,
				684EA3642182BC4D004015D2 /* Frameworks */,
				684EA3652182BC4D004015D2 /* Resources */,
			);
			buildRules = (
			);
			dependencies = (
				684EA3692182BC4D004015D2 /* PBXTargetDependency */,
			);
			name = AnimationTextFiledUITests;
			productName = AnimationTextFiledUITests;
			productReference = 684EA3672182BC4D004015D2 /* AnimationTextFiledUITests.xctest */;
			productType = "com.apple.product-type.bundle.ui-testing";
		};
/* End PBXNativeTarget section */

/* Begin PBXProject section */
		684EA3402182BC46004015D2 /* Project object */ = {
			isa = PBXProject;
			attributes = {
				LastSwiftUpdateCheck = 0930;
				LastUpgradeCheck = 0930;
				ORGANIZATIONNAME = "Ngo Mau Bao";
				TargetAttributes = {
					684EA3472182BC46004015D2 = {
						CreatedOnToolsVersion = 9.3;
					};
					684EA35B2182BC4D004015D2 = {
						CreatedOnToolsVersion = 9.3;
						TestTargetID = 684EA3472182BC46004015D2;
					};
					684EA3662182BC4D004015D2 = {
						CreatedOnToolsVersion = 9.3;
						TestTargetID = 684EA3472182BC46004015D2;
					};
				};
			};
			buildConfigurationList = 684EA3432182BC46004015D2 /* Build configuration list for PBXProject "AnimationTextFiled" */;
			compatibilityVersion = "Xcode 9.3";
			developmentRegion = en;
			hasScannedForEncodings = 0;
			knownRegions = (
				en,
				Base,
			);
			mainGroup = 684EA33F2182BC45004015D2;
			productRefGroup = 684EA3492182BC46004015D2 /* Products */;
			projectDirPath = "";
			projectRoot = "";
			targets = (
				684EA3472182BC46004015D2 /* AnimationTextFiled */,
				684EA35B2182BC4D004015D2 /* AnimationTextFiledTests */,
				684EA3662182BC4D004015D2 /* AnimationTextFiledUITests */,
			);
		};
/* End PBXProject section */

/* Begin PBXResourcesBuildPhase section */
		684EA3462182BC46004015D2 /* Resources */ = {
			isa = PBXResourcesBuildPhase;
			buildActionMask = 2147483647;
			files = (
				684EA3562182BC4C004015D2 /* LaunchScreen.storyboard in Resources */,
				684EA3532182BC4C004015D2 /* Assets.xcassets in Resources */,
				684EA3512182BC46004015D2 /* Main.storyboard in Resources */,
			);
			runOnlyForDeploymentPostprocessing = 0;
		};
		684EA35A2182BC4D004015D2 /* Resources */ = {
			isa = PBXResourcesBuildPhase;
			buildActionMask = 2147483647;
			files = (
			);
			runOnlyForDeploymentPostprocessing = 0;
		};
		684EA3652182BC4D004015D2 /* Resources */ = {
			isa = PBXResourcesBuildPhase;
			buildActionMask = 2147483647;
			files = (
			);
			runOnlyForDeploymentPostprocessing = 0;
		};
/* End PBXResourcesBuildPhase section */

/* Begin PBXSourcesBuildPhase section */
		684EA3442182BC46004015D2 /* Sources */ = {
			isa = PBXSourcesBuildPhase;
			buildActionMask = 2147483647;
			files = (
				684EA34E2182BC46004015D2 /* ViewController.swift in Sources */,
				684EA37A2183009A004015D2 /* HideKeyboard.swift in Sources */,
				684EA34C2182BC46004015D2 /* AppDelegate.swift in Sources */,
			);
			runOnlyForDeploymentPostprocessing = 0;
		};
		684EA3582182BC4D004015D2 /* Sources */ = {
			isa = PBXSourcesBuildPhase;
			buildActionMask = 2147483647;
			files = (
				684EA3612182BC4D004015D2 /* AnimationTextFiledTests.swift in Sources */,
			);
			runOnlyForDeploymentPostprocessing = 0;
		};
		684EA3632182BC4D004015D2 /* Sources */ = {
			isa = PBXSourcesBuildPhase;
			buildActionMask = 2147483647;
			files = (
				684EA36C2182BC4D004015D2 /* AnimationTextFiledUITests.swift in Sources */,
			);
			runOnlyForDeploymentPostprocessing = 0;
		};
/* End PBXSourcesBuildPhase section */

/* Begin PBXTargetDependency section */
		684EA35E2182BC4D004015D2 /* PBXTargetDependency */ = {
			isa = PBXTargetDependency;
			target = 684EA3472182BC46004015D2 /* AnimationTextFiled */;
			targetProxy = 684EA35D2182BC4D004015D2 /* PBXContainerItemProxy */;
		};
		684EA3692182BC4D004015D2 /* PBXTargetDependency */ = {
			isa = PBXTargetDependency;
			target = 684EA3472182BC46004015D2 /* AnimationTextFiled */;
			targetProxy = 684EA3682182BC4D004015D2 /* PBXContainerItemProxy */;
		};
/* End PBXTargetDependency section */

/* Begin PBXVariantGroup section */
		684EA34F2182BC46004015D2 /* Main.storyboard */ = {
			isa = PBXVariantGroup;
			children = (
				684EA3502182BC46004015D2 /* Base */,
			);
			name = Main.storyboard;
			sourceTree = "<group>";
		};
		684EA3542182BC4C004015D2 /* LaunchScreen.storyboard */ = {
			isa = PBXVariantGroup;
			children = (
				684EA3552182BC4C004015D2 /* Base */,
			);
			name = LaunchScreen.storyboard;
			sourceTree = "<group>";
		};
/* End PBXVariantGroup section */

/* Begin XCBuildConfiguration section */
		684EA36E2182BC4D004015D2 /* Debug */ = {
			isa = XCBuildConfiguration;
			buildSettings = {
				ALWAYS_SEARCH_USER_PATHS = NO;
				CLANG_ANALYZER_NONNULL = YES;
				CLANG_ANALYZER_NUMBER_OBJECT_CONVERSION = YES_AGGRESSIVE;
				CLANG_CXX_LANGUAGE_STANDARD = "gnu++14";
				CLANG_CXX_LIBRARY = "libc++";
				CLANG_ENABLE_MODULES = YES;
				CLANG_ENABLE_OBJC_ARC = YES;
				CLANG_ENABLE_OBJC_WEAK = YES;
				CLANG_WARN_BLOCK_CAPTURE_AUTORELEASING = YES;
				CLANG_WARN_BOOL_CONVERSION = YES;
				CLANG_WARN_COMMA = YES;
				CLANG_WARN_CONSTANT_CONVERSION = YES;
				CLANG_WARN_DEPRECATED_OBJC_IMPLEMENTATIONS = YES;
				CLANG_WARN_DIRECT_OBJC_ISA_USAGE = YES_ERROR;
				CLANG_WARN_DOCUMENTATION_COMMENTS = YES;
				CLANG_WARN_EMPTY_BODY = YES;
				CLANG_WARN_ENUM_CONVERSION = YES;
				CLANG_WARN_INFINITE_RECURSION = YES;
				CLANG_WARN_INT_CONVERSION = YES;
				CLANG_WARN_NON_LITERAL_NULL_CONVERSION = YES;
				CLANG_WARN_OBJC_IMPLICIT_RETAIN_SELF = YES;
				CLANG_WARN_OBJC_LITERAL_CONVERSION = YES;
				CLANG_WARN_OBJC_ROOT_CLASS = YES_ERROR;
				CLANG_WARN_RANGE_LOOP_ANALYSIS = YES;
				CLANG_WARN_STRICT_PROTOTYPES = YES;
				CLANG_WARN_SUSPICIOUS_MOVE = YES;
				CLANG_WARN_UNGUARDED_AVAILABILITY = YES_AGGRESSIVE;
				CLANG_WARN_UNREACHABLE_CODE = YES;
				CLANG_WARN__DUPLICATE_METHOD_MATCH = YES;
				CODE_SIGN_IDENTITY = "iPhone Developer";
				COPY_PHASE_STRIP = NO;
				DEBUG_INFORMATION_FORMAT = dwarf;
				ENABLE_STRICT_OBJC_MSGSEND = YES;
				ENABLE_TESTABILITY = YES;
				GCC_C_LANGUAGE_STANDARD = gnu11;
				GCC_DYNAMIC_NO_PIC = NO;
				GCC_NO_COMMON_BLOCKS = YES;
				GCC_OPTIMIZATION_LEVEL = 0;
				GCC_PREPROCESSOR_DEFINITIONS = (
					"DEBUG=1",
					"$(inherited)",
				);
				GCC_WARN_64_TO_32_BIT_CONVERSION = YES;
				GCC_WARN_ABOUT_RETURN_TYPE = YES_ERROR;
				GCC_WARN_UNDECLARED_SELECTOR = YES;
				GCC_WARN_UNINITIALIZED_AUTOS = YES_AGGRESSIVE;
				GCC_WARN_UNUSED_FUNCTION = YES;
				GCC_WARN_UNUSED_VARIABLE = YES;
				IPHONEOS_DEPLOYMENT_TARGET = 11.3;
				MTL_ENABLE_DEBUG_INFO = YES;
				ONLY_ACTIVE_ARCH = YES;
				SDKROOT = iphoneos;
				SWIFT_ACTIVE_COMPILATION_CONDITIONS = DEBUG;
				SWIFT_OPTIMIZATION_LEVEL = "-Onone";
			};
			name = Debug;
		};
		684EA36F2182BC4D004015D2 /* Release */ = {
			isa = XCBuildConfiguration;
			buildSettings = {
				ALWAYS_SEARCH_USER_PATHS = NO;
				CLANG_ANALYZER_NONNULL = YES;
				CLANG_ANALYZER_NUMBER_OBJECT_CONVERSION = YES_AGGRESSIVE;
				CLANG_CXX_LANGUAGE_STANDARD = "gnu++14";
				CLANG_CXX_LIBRARY = "libc++";
				CLANG_ENABLE_MODULES = YES;
				CLANG_ENABLE_OBJC_ARC = YES;
				CLANG_ENABLE_OBJC_WEAK = YES;
				CLANG_WARN_BLOCK_CAPTURE_AUTORELEASING = YES;
				CLANG_WARN_BOOL_CONVERSION = YES;
				CLANG_WARN_COMMA = YES;
				CLANG_WARN_CONSTANT_CONVERSION = YES;
				CLANG_WARN_DEPRECATED_OBJC_IMPLEMENTATIONS = YES;
				CLANG_WARN_DIRECT_OBJC_ISA_USAGE = YES_ERROR;
				CLANG_WARN_DOCUMENTATION_COMMENTS = YES;
				CLANG_WARN_EMPTY_BODY = YES;
				CLANG_WARN_ENUM_CONVERSION = YES;
				CLANG_WARN_INFINITE_RECURSION = YES;
				CLANG_WARN_INT_CONVERSION = YES;
				CLANG_WARN_NON_LITERAL_NULL_CONVERSION = YES;
				CLANG_WARN_OBJC_IMPLICIT_RETAIN_SELF = YES;
				CLANG_WARN_OBJC_LITERAL_CONVERSION = YES;
				CLANG_WARN_OBJC_ROOT_CLASS = YES_ERROR;
				CLANG_WARN_RANGE_LOOP_ANALYSIS = YES;
				CLANG_WARN_STRICT_PROTOTYPES = YES;
				CLANG_WARN_SUSPICIOUS_MOVE = YES;
				CLANG_WARN_UNGUARDED_AVAILABILITY = YES_AGGRESSIVE;
				CLANG_WARN_UNREACHABLE_CODE = YES;
				CLANG_WARN__DUPLICATE_METHOD_MATCH = YES;
				CODE_SIGN_IDENTITY = "iPhone Developer";
				COPY_PHASE_STRIP = NO;
				DEBUG_INFORMATION_FORMAT = "dwarf-with-dsym";
				ENABLE_NS_ASSERTIONS = NO;
				ENABLE_STRICT_OBJC_MSGSEND = YES;
				GCC_C_LANGUAGE_STANDARD = gnu11;
				GCC_NO_COMMON_BLOCKS = YES;
				GCC_WARN_64_TO_32_BIT_CONVERSION = YES;
				GCC_WARN_ABOUT_RETURN_TYPE = YES_ERROR;
				GCC_WARN_UNDECLARED_SELECTOR = YES;
				GCC_WARN_UNINITIALIZED_AUTOS = YES_AGGRESSIVE;
				GCC_WARN_UNUSED_FUNCTION = YES;
				GCC_WARN_UNUSED_VARIABLE = YES;
				IPHONEOS_DEPLOYMENT_TARGET = 11.3;
				MTL_ENABLE_DEBUG_INFO = NO;
				SDKROOT = iphoneos;
				SWIFT_COMPILATION_MODE = wholemodule;
				SWIFT_OPTIMIZATION_LEVEL = "-O";
				VALIDATE_PRODUCT = YES;
			};
			name = Release;
		};
		684EA3712182BC4D004015D2 /* Debug */ = {
			isa = XCBuildConfiguration;
			buildSettings = {
				ASSETCATALOG_COMPILER_APPICON_NAME = AppIcon;
				CODE_SIGN_STYLE = Automatic;
				DEVELOPMENT_TEAM = 9922T7LJA2;
				INFOPLIST_FILE = AnimationTextFiled/Info.plist;
				LD_RUNPATH_SEARCH_PATHS = (
					"$(inherited)",
					"@executable_path/Frameworks",
				);
				PRODUCT_BUNDLE_IDENTIFIER = BaoNgo.com.AnimationTextFiled;
				PRODUCT_NAME = "$(TARGET_NAME)";
				SWIFT_VERSION = 4.0;
				TARGETED_DEVICE_FAMILY = "1,2";
			};
			name = Debug;
		};
		684EA3722182BC4D004015D2 /* Release */ = {
			isa = XCBuildConfiguration;
			buildSettings = {
				ASSETCATALOG_COMPILER_APPICON_NAME = AppIcon;
				CODE_SIGN_STYLE = Automatic;
				DEVELOPMENT_TEAM = 9922T7LJA2;
				INFOPLIST_FILE = AnimationTextFiled/Info.plist;
				LD_RUNPATH_SEARCH_PATHS = (
					"$(inherited)",
					"@executable_path/Frameworks",
				);
				PRODUCT_BUNDLE_IDENTIFIER = BaoNgo.com.AnimationTextFiled;
				PRODUCT_NAME = "$(TARGET_NAME)";
				SWIFT_VERSION = 4.0;
				TARGETED_DEVICE_FAMILY = "1,2";
			};
			name = Release;
		};
		684EA3742182BC4D004015D2 /* Debug */ = {
			isa = XCBuildConfiguration;
			buildSettings = {
				ALWAYS_EMBED_SWIFT_STANDARD_LIBRARIES = YES;
				BUNDLE_LOADER = "$(TEST_HOST)";
				CODE_SIGN_STYLE = Automatic;
				DEVELOPMENT_TEAM = 9922T7LJA2;
				INFOPLIST_FILE = AnimationTextFiledTests/Info.plist;
				LD_RUNPATH_SEARCH_PATHS = (
					"$(inherited)",
					"@executable_path/Frameworks",
					"@loader_path/Frameworks",
				);
				PRODUCT_BUNDLE_IDENTIFIER = BaoNgo.com.AnimationTextFiledTests;
				PRODUCT_NAME = "$(TARGET_NAME)";
				SWIFT_VERSION = 4.0;
				TARGETED_DEVICE_FAMILY = "1,2";
				TEST_HOST = "$(BUILT_PRODUCTS_DIR)/AnimationTextFiled.app/AnimationTextFiled";
			};
			name = Debug;
		};
		684EA3752182BC4D004015D2 /* Release */ = {
			isa = XCBuildConfiguration;
			buildSettings = {
				ALWAYS_EMBED_SWIFT_STANDARD_LIBRARIES = YES;
				BUNDLE_LOADER = "$(TEST_HOST)";
				CODE_SIGN_STYLE = Automatic;
				DEVELOPMENT_TEAM = 9922T7LJA2;
				INFOPLIST_FILE = AnimationTextFiledTests/Info.plist;
				LD_RUNPATH_SEARCH_PATHS = (
					"$(inherited)",
					"@executable_path/Frameworks",
					"@loader_path/Frameworks",
				);
				PRODUCT_BUNDLE_IDENTIFIER = BaoNgo.com.AnimationTextFiledTests;
				PRODUCT_NAME = "$(TARGET_NAME)";
				SWIFT_VERSION = 4.0;
				TARGETED_DEVICE_FAMILY = "1,2";
				TEST_HOST = "$(BUILT_PRODUCTS_DIR)/AnimationTextFiled.app/AnimationTextFiled";
			};
			name = Release;
		};
		684EA3772182BC4D004015D2 /* Debug */ = {
			isa = XCBuildConfiguration;
			buildSettings = {
				ALWAYS_EMBED_SWIFT_STANDARD_LIBRARIES = YES;
				CODE_SIGN_STYLE = Automatic;
				DEVELOPMENT_TEAM = 9922T7LJA2;
				INFOPLIST_FILE = AnimationTextFiledUITests/Info.plist;
				LD_RUNPATH_SEARCH_PATHS = (
					"$(inherited)",
					"@executable_path/Frameworks",
					"@loader_path/Frameworks",
				);
				PRODUCT_BUNDLE_IDENTIFIER = BaoNgo.com.AnimationTextFiledUITests;
				PRODUCT_NAME = "$(TARGET_NAME)";
				SWIFT_VERSION = 4.0;
				TARGETED_DEVICE_FAMILY = "1,2";
				TEST_TARGET_NAME = AnimationTextFiled;
			};
			name = Debug;
		};
		684EA3782182BC4D004015D2 /* Release */ = {
			isa = XCBuildConfiguration;
			buildSettings = {
				ALWAYS_EMBED_SWIFT_STANDARD_LIBRARIES = YES;
				CODE_SIGN_STYLE = Automatic;
				DEVELOPMENT_TEAM = 9922T7LJA2;
				INFOPLIST_FILE = AnimationTextFiledUITests/Info.plist;
				LD_RUNPATH_SEARCH_PATHS = (
					"$(inherited)",
					"@executable_path/Frameworks",
					"@loader_path/Frameworks",
				);
				PRODUCT_BUNDLE_IDENTIFIER = BaoNgo.com.AnimationTextFiledUITests;
				PRODUCT_NAME = "$(TARGET_NAME)";
				SWIFT_VERSION = 4.0;
				TARGETED_DEVICE_FAMILY = "1,2";
				TEST_TARGET_NAME = AnimationTextFiled;
			};
			name = Release;
		};
/* End XCBuildConfiguration section */

/* Begin XCConfigurationList section */
		684EA3432182BC46004015D2 /* Build configuration list for PBXProject "AnimationTextFiled" */ = {
			isa = XCConfigurationList;
			buildConfigurations = (
				684EA36E2182BC4D004015D2 /* Debug */,
				684EA36F2182BC4D004015D2 /* Release */,
			);
			defaultConfigurationIsVisible = 0;
			defaultConfigurationName = Release;
		};
		684EA3702182BC4D004015D2 /* Build configuration list for PBXNativeTarget "AnimationTextFiled" */ = {
			isa = XCConfigurationList;
			buildConfigurations = (
				684EA3712182BC4D004015D2 /* Debug */,
				684EA3722182BC4D004015D2 /* Release */,
			);
			defaultConfigurationIsVisible = 0;
			defaultConfigurationName = Release;
		};
		684EA3732182BC4D004015D2 /* Build configuration list for PBXNativeTarget "AnimationTextFiledTests" */ = {
			isa = XCConfigurationList;
			buildConfigurations = (
				684EA3742182BC4D004015D2 /* Debug */,
				684EA3752182BC4D004015D2 /* Release */,
			);
			defaultConfigurationIsVisible = 0;
			defaultConfigurationName = Release;
		};
		684EA3762182BC4D004015D2 /* Build configuration list for PBXNativeTarget "AnimationTextFiledUITests" */ = {
			isa = XCConfigurationList;
			buildConfigurations = (
				684EA3772182BC4D004015D2 /* Debug */,
				684EA3782182BC4D004015D2 /* Release */,
			);
			defaultConfigurationIsVisible = 0;
			defaultConfigurationName = Release;
		};
/* End XCConfigurationList section */
	};
	rootObject = 684EA3402182BC46004015D2 /* Project object */;
}
